version = 1
revision = 2
requires-python = ">=3.13"

[[package]]
name = "nats-py"
version = "2.11.0"
source = { registry = "https://pypi.org/simple" }
sdist = { url = "https://files.pythonhosted.org/packages/65/be/757c8af63596453daaa42cc21be51aa42fc6b23cc9d4347784f99c8357b5/nats_py-2.11.0.tar.gz", hash = "sha256:fb1097db8b520bb4c8f5ad51340ca54d9fa54dbfc4ecc81c3625ef80994b6100", size = 114186, upload-time = "2025-07-22T08:41:08.589Z" }

[[package]]
name = "tests"
version = "0.1.0"
source = { virtual = "." }
dependencies = [
    { name = "nats-py" },
]

[package.metadata]
requires-dist = [{ name = "nats-py", specifier = ">=2.11.0" }]
